
Microsoft Visual Studio Solution File, Format Version 12.00
# Visual Studio Version 17
VisualStudioVersion = 17.8.34330.188
MinimumVisualStudioVersion = 10.0.40219.1
Project("{FAE04EC0-301F-11D3-BF4B-00C04F79EFBC}") = "Binarizator", "Binarizator\Binarizator.csproj", "{6E47FC08-5603-4341-B27F-D3A0EDFDE049}"
EndProject
Project("{FAE04EC0-301F-11D3-BF4B-00C04F79EFBC}") = "Test", "Test\Test.csproj", "{01D81460-B61C-4830-BD7F-4E55911B0CDA}"
EndProject
Global
	GlobalSection(SolutionConfigurationPlatforms) = preSolution
		Debug|Any CPU = Debug|Any CPU
		Release|Any CPU = Release|Any CPU
	EndGlobalSection
	GlobalSection(ProjectConfigurationPlatforms) = postSolution
		{6E47FC08-5603-4341-B27F-D3A0EDFDE049}.Debug|Any CPU.ActiveCfg = Debug|Any CPU
		{6E47FC08-5603-4341-B27F-D3A0EDFDE049}.Debug|Any CPU.Build.0 = Debug|Any CPU
		{6E47FC08-5603-4341-B27F-D3A0EDFDE049}.Release|Any CPU.ActiveCfg = Release|Any CPU
		{6E47FC08-5603-4341-B27F-D3A0EDFDE049}.Release|Any CPU.Build.0 = Release|Any CPU
		{01D81460-B61C-4830-BD7F-4E55911B0CDA}.Debug|Any CPU.ActiveCfg = Debug|Any CPU
		{01D81460-B61C-4830-BD7F-4E55911B0CDA}.Debug|Any CPU.Build.0 = Debug|Any CPU
		{01D81460-B61C-4830-BD7F-4E55911B0CDA}.Release|Any CPU.ActiveCfg = Release|Any CPU
		{01D81460-B61C-4830-BD7F-4E55911B0CDA}.Release|Any CPU.Build.0 = Release|Any CPU
	EndGlobalSection
	GlobalSection(SolutionProperties) = preSolution
		HideSolutionNode = FALSE
	EndGlobalSection
	GlobalSection(ExtensibilityGlobals) = postSolution
		SolutionGuid = {5CDD990F-7723-456B-A51F-2E9D7331A84E}
	EndGlobalSection
EndGlobal
